
Microsoft Visual Studio Solution File, Format Version 12.00
# Visual Studio Version 17
VisualStudioVersion = 17.7.34302.85
MinimumVisualStudioVersion = 10.0.40219.1
Project("{9A19103F-16F7-4668-BE54-9A1E7A4F7556}") = "01_Intro_to_WPF-Сalculator", "01_Intro_to_WPF-Сalculator\01_Intro_to_WPF-Сalculator.csproj", "{C207B48C-D842-4EF0-B7C1-A8B5CD886EE0}"
EndProject
Project("{9A19103F-16F7-4668-BE54-9A1E7A4F7556}") = "02_Containers_Layout_Positions", "02_Containers_Layout_Positions\02_Containers_Layout_Positions.csproj", "{23364331-3241-4967-A44A-42907690D7BE}"
EndProject
Project("{9A19103F-16F7-4668-BE54-9A1E7A4F7556}") = "03_Controls", "03_Controls\03_Controls.csproj", "{C17C5C8B-5705-46C6-921D-2CB4FF646E50}"
EndProject
Project("{9A19103F-16F7-4668-BE54-9A1E7A4F7556}") = "04_List_Controls_Collection_Binding", "04_List_Controls_Collection_Binding\04_List_Controls_Collection_Binding.csproj", "{F95AB718-915A-4A3D-8E0D-3B2444B4C30E}"
EndProject
Project("{9A19103F-16F7-4668-BE54-9A1E7A4F7556}") = "05_Data_Bindings_Data_Context", "05_Data_Bindings_Data_Context\05_Data_Bindings_Data_Context.csproj", "{9F944F85-680E-4D32-BA83-78415631EEB0}"
EndProject
Project("{9A19103F-16F7-4668-BE54-9A1E7A4F7556}") = "06_MVVM_Pattern_Commands", "06_MVVM_Pattern_Commands\06_MVVM_Pattern_Commands.csproj", "{D2AC5297-AA56-4FBD-9E6A-570751963B13}"
EndProject
Global
	GlobalSection(SolutionConfigurationPlatforms) = preSolution
		Debug|Any CPU = Debug|Any CPU
		Release|Any CPU = Release|Any CPU
	EndGlobalSection
	GlobalSection(ProjectConfigurationPlatforms) = postSolution
		{C207B48C-D842-4EF0-B7C1-A8B5CD886EE0}.Debug|Any CPU.ActiveCfg = Debug|Any CPU
		{C207B48C-D842-4EF0-B7C1-A8B5CD886EE0}.Debug|Any CPU.Build.0 = Debug|Any CPU
		{C207B48C-D842-4EF0-B7C1-A8B5CD886EE0}.Release|Any CPU.ActiveCfg = Release|Any CPU
		{C207B48C-D842-4EF0-B7C1-A8B5CD886EE0}.Release|Any CPU.Build.0 = Release|Any CPU
		{23364331-3241-4967-A44A-42907690D7BE}.Debug|Any CPU.ActiveCfg = Debug|Any CPU
		{23364331-3241-4967-A44A-42907690D7BE}.Debug|Any CPU.Build.0 = Debug|Any CPU
		{23364331-3241-4967-A44A-42907690D7BE}.Release|Any CPU.ActiveCfg = Release|Any CPU
		{23364331-3241-4967-A44A-42907690D7BE}.Release|Any CPU.Build.0 = Release|Any CPU
		{C17C5C8B-5705-46C6-921D-2CB4FF646E50}.Debug|Any CPU.ActiveCfg = Debug|Any CPU
		{C17C5C8B-5705-46C6-921D-2CB4FF646E50}.Debug|Any CPU.Build.0 = Debug|Any CPU
		{C17C5C8B-5705-46C6-921D-2CB4FF646E50}.Release|Any CPU.ActiveCfg = Release|Any CPU
		{C17C5C8B-5705-46C6-921D-2CB4FF646E50}.Release|Any CPU.Build.0 = Release|Any CPU
		{F95AB718-915A-4A3D-8E0D-3B2444B4C30E}.Debug|Any CPU.ActiveCfg = Debug|Any CPU
		{F95AB718-915A-4A3D-8E0D-3B2444B4C30E}.Debug|Any CPU.Build.0 = Debug|Any CPU
		{F95AB718-915A-4A3D-8E0D-3B2444B4C30E}.Release|Any CPU.ActiveCfg = Release|Any CPU
		{F95AB718-915A-4A3D-8E0D-3B2444B4C30E}.Release|Any CPU.Build.0 = Release|Any CPU
		{9F944F85-680E-4D32-BA83-78415631EEB0}.Debug|Any CPU.ActiveCfg = Debug|Any CPU
		{9F944F85-680E-4D32-BA83-78415631EEB0}.Debug|Any CPU.Build.0 = Debug|Any CPU
		{9F944F85-680E-4D32-BA83-78415631EEB0}.Release|Any CPU.ActiveCfg = Release|Any CPU
		{9F944F85-680E-4D32-BA83-78415631EEB0}.Release|Any CPU.Build.0 = Release|Any CPU
		{D2AC5297-AA56-4FBD-9E6A-570751963B13}.Debug|Any CPU.ActiveCfg = Debug|Any CPU
		{D2AC5297-AA56-4FBD-9E6A-570751963B13}.Debug|Any CPU.Build.0 = Debug|Any CPU
		{D2AC5297-AA56-4FBD-9E6A-570751963B13}.Release|Any CPU.ActiveCfg = Release|Any CPU
		{D2AC5297-AA56-4FBD-9E6A-570751963B13}.Release|Any CPU.Build.0 = Release|Any CPU
	EndGlobalSection
	GlobalSection(SolutionProperties) = preSolution
		HideSolutionNode = FALSE
	EndGlobalSection
	GlobalSection(ExtensibilityGlobals) = postSolution
		SolutionGuid = {65D4D48D-369B-4DC7-BFD3-6D3897EB0151}
	EndGlobalSection
EndGlobal
